{
  "version": "5",
  "redirects": {
    "https://esm.sh/@testing-library/dom@^9.0.0?target=denonext": "https://esm.sh/@testing-library/dom@9.3.4?target=denonext",
    "https://esm.sh/@types/react-dom@~18.2.25/client.d.ts": "https://esm.sh/@types/react-dom@18.2.25/client.d.ts",
    "https://esm.sh/@types/react-dom@~18.2.25/index.d.ts": "https://esm.sh/@types/react-dom@18.2.25/index.d.ts",
    "https://esm.sh/@types/react@~18.2.79/index.d.ts": "https://esm.sh/@types/react@18.2.79/index.d.ts",
    "https://esm.sh/@types/react@~18.2.79/jsx-runtime.d.ts": "https://esm.sh/@types/react@18.2.79/jsx-runtime.d.ts",
    "https://esm.sh/@types/react@~19.0.12/jsx-runtime.d.ts": "https://esm.sh/@types/react@19.0.14/jsx-runtime.d.ts",
    "https://esm.sh/@types/react@~19.1.0/index.d.ts": "https://esm.sh/@types/react@19.1.8/index.d.ts",
    "https://esm.sh/@types/scheduler@~0.23.0/index.d.ts": "https://esm.sh/@types/scheduler@0.23.0/index.d.ts",
    "https://esm.sh/ansi-regex@^5.0.1?target=denonext": "https://esm.sh/ansi-regex@5.0.1?target=denonext",
    "https://esm.sh/ansi-styles@^4.1.0?target=denonext": "https://esm.sh/ansi-styles@4.3.0?target=denonext",
    "https://esm.sh/ansi-styles@^5.0.0?target=denonext": "https://esm.sh/ansi-styles@5.2.0?target=denonext",
    "https://esm.sh/available-typed-arrays@^1.0.7?target=denonext": "https://esm.sh/available-typed-arrays@1.0.7?target=denonext",
    "https://esm.sh/call-bind-apply-helpers@^1.0.1?target=denonext": "https://esm.sh/call-bind-apply-helpers@1.0.2?target=denonext",
    "https://esm.sh/call-bind-apply-helpers@^1.0.2/functionApply?target=denonext": "https://esm.sh/call-bind-apply-helpers@1.0.2/functionApply?target=denonext",
    "https://esm.sh/call-bind-apply-helpers@^1.0.2/functionCall?target=denonext": "https://esm.sh/call-bind-apply-helpers@1.0.2/functionCall?target=denonext",
    "https://esm.sh/call-bind-apply-helpers@^1.0.2?target=denonext": "https://esm.sh/call-bind-apply-helpers@1.0.2?target=denonext",
    "https://esm.sh/call-bind@^1.0.5/callBound?target=denonext": "https://esm.sh/call-bind@1.0.8/callBound?target=denonext",
    "https://esm.sh/call-bound@^1.0.2?target=denonext": "https://esm.sh/call-bound@1.0.4?target=denonext",
    "https://esm.sh/call-bound@^1.0.3?target=denonext": "https://esm.sh/call-bound@1.0.4?target=denonext",
    "https://esm.sh/call-bound@^1.0.4?target=denonext": "https://esm.sh/call-bound@1.0.4?target=denonext",
    "https://esm.sh/chalk@^4.0.0?target=denonext": "https://esm.sh/chalk@4.1.2?target=denonext",
    "https://esm.sh/color-convert@^2.0.1?target=denonext": "https://esm.sh/color-convert@2.0.1?target=denonext",
    "https://esm.sh/color-name@~1.1.4?target=denonext": "https://esm.sh/color-name@1.1.4?target=denonext",
    "https://esm.sh/deep-equal@^2.0.5?target=denonext": "https://esm.sh/deep-equal@2.2.3?target=denonext",
    "https://esm.sh/diff-sequences@^29.6.3?target=denonext": "https://esm.sh/diff-sequences@29.6.3?target=denonext",
    "https://esm.sh/dom-accessibility-api@^0.5.9?target=denonext": "https://esm.sh/dom-accessibility-api@0.5.16?target=denonext",
    "https://esm.sh/dunder-proto@^1.0.1/get?target=denonext": "https://esm.sh/dunder-proto@1.0.1/get?target=denonext",
    "https://esm.sh/es-object-atoms@^1.0.0?target=denonext": "https://esm.sh/es-object-atoms@1.1.1?target=denonext",
    "https://esm.sh/es-object-atoms@^1.1.1?target=denonext": "https://esm.sh/es-object-atoms@1.1.1?target=denonext",
    "https://esm.sh/get-intrinsic@^1.2.2?target=denonext": "https://esm.sh/get-intrinsic@1.3.0?target=denonext",
    "https://esm.sh/get-intrinsic@^1.2.4?target=denonext": "https://esm.sh/get-intrinsic@1.3.0?target=denonext",
    "https://esm.sh/get-intrinsic@^1.2.5?target=denonext": "https://esm.sh/get-intrinsic@1.3.0?target=denonext",
    "https://esm.sh/get-intrinsic@^1.2.6?target=denonext": "https://esm.sh/get-intrinsic@1.3.0?target=denonext",
    "https://esm.sh/get-intrinsic@^1.3.0?target=denonext": "https://esm.sh/get-intrinsic@1.3.0?target=denonext",
    "https://esm.sh/get-proto@^1.0.1/Object.getPrototypeOf?target=denonext": "https://esm.sh/get-proto@1.0.1/Object.getPrototypeOf?target=denonext",
    "https://esm.sh/get-proto@^1.0.1/Reflect.getPrototypeOf?target=denonext": "https://esm.sh/get-proto@1.0.1/Reflect.getPrototypeOf?target=denonext",
    "https://esm.sh/get-proto@^1.0.1?target=denonext": "https://esm.sh/get-proto@1.0.1?target=denonext",
    "https://esm.sh/has-bigints@^1.0.2?target=denonext": "https://esm.sh/has-bigints@1.1.0?target=denonext",
    "https://esm.sh/has-flag@^4.0.0?target=denonext": "https://esm.sh/has-flag@4.0.0?target=denonext",
    "https://esm.sh/has-symbols@^1.0.3/shams?target=denonext": "https://esm.sh/has-symbols@1.1.0/shams?target=denonext",
    "https://esm.sh/has-tostringtag@^1.0.2/shams?target=denonext": "https://esm.sh/has-tostringtag@1.0.2/shams?target=denonext",
    "https://esm.sh/immer@%3E=9.0?target=denonext": "https://esm.sh/immer@10.1.1?target=denonext",
    "https://esm.sh/is-arguments@^1.1.1?target=denonext": "https://esm.sh/is-arguments@1.2.0?target=denonext",
    "https://esm.sh/is-bigint@^1.1.0?target=denonext": "https://esm.sh/is-bigint@1.1.0?target=denonext",
    "https://esm.sh/is-map@^2.0.3?target=denonext": "https://esm.sh/is-map@2.0.3?target=denonext",
    "https://esm.sh/is-regex@^1.1.4?target=denonext": "https://esm.sh/is-regex@1.2.1?target=denonext",
    "https://esm.sh/is-regex@^1.2.1?target=denonext": "https://esm.sh/is-regex@1.2.1?target=denonext",
    "https://esm.sh/is-set@^2.0.3?target=denonext": "https://esm.sh/is-set@2.0.3?target=denonext",
    "https://esm.sh/is-symbol@^1.1.1?target=denonext": "https://esm.sh/is-symbol@1.1.1?target=denonext",
    "https://esm.sh/is-weakmap@^2.0.2?target=denonext": "https://esm.sh/is-weakmap@2.0.2?target=denonext",
    "https://esm.sh/is-weakset@^2.0.3?target=denonext": "https://esm.sh/is-weakset@2.0.4?target=denonext",
    "https://esm.sh/isarray@^2.0.5?target=denonext": "https://esm.sh/isarray@2.0.5?target=denonext",
    "https://esm.sh/jest-diff@^29.2.1?target=denonext": "https://esm.sh/jest-diff@29.7.0?target=denonext",
    "https://esm.sh/jest-get-type@^29.2.0?target=denonext": "https://esm.sh/jest-get-type@29.6.3?target=denonext",
    "https://esm.sh/jest-get-type@^29.6.3?target=denonext": "https://esm.sh/jest-get-type@29.6.3?target=denonext",
    "https://esm.sh/lz-string@^1.5.0?target=denonext": "https://esm.sh/lz-string@1.5.0?target=denonext",
    "https://esm.sh/math-intrinsics@^1.1.0/abs?target=denonext": "https://esm.sh/math-intrinsics@1.1.0/abs?target=denonext",
    "https://esm.sh/math-intrinsics@^1.1.0/floor?target=denonext": "https://esm.sh/math-intrinsics@1.1.0/floor?target=denonext",
    "https://esm.sh/math-intrinsics@^1.1.0/max?target=denonext": "https://esm.sh/math-intrinsics@1.1.0/max?target=denonext",
    "https://esm.sh/math-intrinsics@^1.1.0/min?target=denonext": "https://esm.sh/math-intrinsics@1.1.0/min?target=denonext",
    "https://esm.sh/math-intrinsics@^1.1.0/pow?target=denonext": "https://esm.sh/math-intrinsics@1.1.0/pow?target=denonext",
    "https://esm.sh/math-intrinsics@^1.1.0/round?target=denonext": "https://esm.sh/math-intrinsics@1.1.0/round?target=denonext",
    "https://esm.sh/math-intrinsics@^1.1.0/sign?target=denonext": "https://esm.sh/math-intrinsics@1.1.0/sign?target=denonext",
    "https://esm.sh/object-inspect@^1.13.3?target=denonext": "https://esm.sh/object-inspect@1.13.4?target=denonext",
    "https://esm.sh/possible-typed-array-names@^1.0.0?target=denonext": "https://esm.sh/possible-typed-array-names@1.1.0?target=denonext",
    "https://esm.sh/pretty-format@^27.0.2?target=denonext": "https://esm.sh/pretty-format@27.5.1?target=denonext",
    "https://esm.sh/pretty-format@^29.2.1?target=denonext": "https://esm.sh/pretty-format@29.7.0?target=denonext",
    "https://esm.sh/pretty-format@^29.7.0?target=denonext": "https://esm.sh/pretty-format@29.7.0?target=denonext",
    "https://esm.sh/react-dom@^18.0.0/client?target=denonext": "https://esm.sh/react-dom@18.3.1/client?target=denonext",
    "https://esm.sh/react-dom@^18.0.0/test-utils?target=denonext": "https://esm.sh/react-dom@18.3.1/test-utils?target=denonext",
    "https://esm.sh/react-dom@^18.0.0?target=denonext": "https://esm.sh/react-dom@18.3.1?target=denonext",
    "https://esm.sh/react-is@^17.0.1?target=denonext": "https://esm.sh/react-is@17.0.2?target=denonext",
    "https://esm.sh/react-is@^18.0.0?target=denonext": "https://esm.sh/react-is@18.3.1?target=denonext",
    "https://esm.sh/react@%3E=16.8?target=denonext": "https://esm.sh/react@19.1.0?target=denonext",
    "https://esm.sh/react@^18.0.0?target=denonext": "https://esm.sh/react@18.3.1?target=denonext",
    "https://esm.sh/react@^18.3.1?target=denonext": "https://esm.sh/react@18.3.1?target=denonext",
    "https://esm.sh/safe-regex-test@^1.1.0?target=denonext": "https://esm.sh/safe-regex-test@1.1.0?target=denonext",
    "https://esm.sh/scheduler@^0.23.0?target=denonext": "https://esm.sh/scheduler@0.23.2?target=denonext",
    "https://esm.sh/scheduler@^0.23.0?target=denonext&dev": "https://esm.sh/scheduler@0.23.2?dev&target=denonext",
    "https://esm.sh/scheduler@^0.23.2?target=denonext": "https://esm.sh/scheduler@0.23.2?target=denonext",
    "https://esm.sh/side-channel-list@^1.0.0?target=denonext": "https://esm.sh/side-channel-list@1.0.0?target=denonext",
    "https://esm.sh/side-channel-map@^1.0.1?target=denonext": "https://esm.sh/side-channel-map@1.0.1?target=denonext",
    "https://esm.sh/side-channel-weakmap@^1.0.2?target=denonext": "https://esm.sh/side-channel-weakmap@1.0.2?target=denonext",
    "https://esm.sh/side-channel@^1.0.4?target=denonext": "https://esm.sh/side-channel@1.1.0?target=denonext",
    "https://esm.sh/supports-color@^7.1.0?target=denonext": "https://esm.sh/supports-color@7.2.0?target=denonext",
    "https://esm.sh/which-boxed-primitive@^1.0.2?target=denonext": "https://esm.sh/which-boxed-primitive@1.1.1?target=denonext",
    "https://esm.sh/which-collection@^1.0.1?target=denonext": "https://esm.sh/which-collection@1.0.2?target=denonext",
    "https://esm.sh/which-typed-array@^1.1.13?target=denonext": "https://esm.sh/which-typed-array@1.1.19?target=denonext"
  },
  "remote": {
    "https://deno.land/std@0.140.0/_util/assert.ts": "e94f2eb37cebd7f199952e242c77654e43333c1ac4c5c700e929ea3aa5489f74",
    "https://deno.land/std@0.140.0/_util/os.ts": "3b4c6e27febd119d36a416d7a97bd3b0251b77c88942c8f16ee5953ea13e2e49",
    "https://deno.land/std@0.140.0/bytes/bytes_list.ts": "67eb118e0b7891d2f389dad4add35856f4ad5faab46318ff99653456c23b025d",
    "https://deno.land/std@0.140.0/bytes/equals.ts": "fc16dff2090cced02497f16483de123dfa91e591029f985029193dfaa9d894c9",
    "https://deno.land/std@0.140.0/bytes/mod.ts": "763f97d33051cc3f28af1a688dfe2830841192a9fea0cbaa55f927b49d49d0bf",
    "https://deno.land/std@0.140.0/fmt/colors.ts": "30455035d6d728394781c10755351742dd731e3db6771b1843f9b9e490104d37",
    "https://deno.land/std@0.140.0/fs/_util.ts": "0fb24eb4bfebc2c194fb1afdb42b9c3dda12e368f43e8f2321f84fc77d42cb0f",
    "https://deno.land/std@0.140.0/fs/ensure_dir.ts": "9dc109c27df4098b9fc12d949612ae5c9c7169507660dcf9ad90631833209d9d",
    "https://deno.land/std@0.140.0/io/buffer.ts": "bd0c4bf53db4b4be916ca5963e454bddfd3fcd45039041ea161dbf826817822b",
    "https://deno.land/std@0.140.0/path/_constants.ts": "df1db3ffa6dd6d1252cc9617e5d72165cd2483df90e93833e13580687b6083c3",
    "https://deno.land/std@0.140.0/path/_interface.ts": "ee3b431a336b80cf445441109d089b70d87d5e248f4f90ff906820889ecf8d09",
    "https://deno.land/std@0.140.0/path/_util.ts": "c1e9686d0164e29f7d880b2158971d805b6e0efc3110d0b3e24e4b8af2190d2b",
    "https://deno.land/std@0.140.0/path/common.ts": "bee563630abd2d97f99d83c96c2fa0cca7cee103e8cb4e7699ec4d5db7bd2633",
    "https://deno.land/std@0.140.0/path/glob.ts": "cb5255638de1048973c3e69e420c77dc04f75755524cb3b2e160fe9277d939ee",
    "https://deno.land/std@0.140.0/path/mod.ts": "d3e68d0abb393fb0bf94a6d07c46ec31dc755b544b13144dee931d8d5f06a52d",
    "https://deno.land/std@0.140.0/path/posix.ts": "293cdaec3ecccec0a9cc2b534302dfe308adb6f10861fa183275d6695faace44",
    "https://deno.land/std@0.140.0/path/separator.ts": "fe1816cb765a8068afb3e8f13ad272351c85cbc739af56dacfc7d93d710fe0f9",
    "https://deno.land/std@0.140.0/path/win32.ts": "31811536855e19ba37a999cd8d1b62078235548d67902ece4aa6b814596dd757",
    "https://deno.land/std@0.140.0/streams/conversion.ts": "712585bfa0172a97fb68dd46e784ae8ad59d11b88079d6a4ab098ff42e697d21",
    "https://deno.land/std@0.186.0/_util/asserts.ts": "178dfc49a464aee693a7e285567b3d0b555dc805ff490505a8aae34f9cfb1462",
    "https://deno.land/std@0.186.0/_util/os.ts": "d932f56d41e4f6a6093d56044e29ce637f8dcc43c5a90af43504a889cf1775e3",
    "https://deno.land/std@0.186.0/path/_constants.ts": "e49961f6f4f48039c0dfed3c3f93e963ca3d92791c9d478ac5b43183413136e0",
    "https://deno.land/std@0.186.0/path/_interface.ts": "6471159dfbbc357e03882c2266d21ef9afdb1e4aa771b0545e90db58a0ba314b",
    "https://deno.land/std@0.186.0/path/_util.ts": "d7abb1e0dea065f427b89156e28cdeb32b045870acdf865833ba808a73b576d0",
    "https://deno.land/std@0.186.0/path/common.ts": "ee7505ab01fd22de3963b64e46cff31f40de34f9f8de1fff6a1bd2fe79380000",
    "https://deno.land/std@0.186.0/path/glob.ts": "d479e0a695621c94d3fd7fe7abd4f9499caf32a8de13f25073451c6ef420a4e1",
    "https://deno.land/std@0.186.0/path/mod.ts": "ee161baec5ded6510ee1d1fb6a75a0f5e4b41f3f3301c92c716ecbdf7dae910d",
    "https://deno.land/std@0.186.0/path/posix.ts": "8b7c67ac338714b30c816079303d0285dd24af6b284f7ad63da5b27372a2c94d",
    "https://deno.land/std@0.186.0/path/separator.ts": "0fb679739d0d1d7bf45b68dacfb4ec7563597a902edbaf3c59b50d5bcadd93b1",
    "https://deno.land/std@0.186.0/path/win32.ts": "d186344e5583bcbf8b18af416d13d82b35a317116e6460a5a3953508c3de5bba",
    "https://deno.land/std@0.208.0/assert/_constants.ts": "8a9da298c26750b28b326b297316cdde860bc237533b07e1337c021379e6b2a9",
    "https://deno.land/std@0.208.0/assert/_diff.ts": "58e1461cc61d8eb1eacbf2a010932bf6a05b79344b02ca38095f9b805795dc48",
    "https://deno.land/std@0.208.0/assert/_format.ts": "a69126e8a469009adf4cf2a50af889aca364c349797e63174884a52ff75cf4c7",
    "https://deno.land/std@0.208.0/assert/assert.ts": "9a97dad6d98c238938e7540736b826440ad8c1c1e54430ca4c4e623e585607ee",
    "https://deno.land/std@0.208.0/assert/assert_almost_equals.ts": "e15ca1f34d0d5e0afae63b3f5d975cbd18335a132e42b0c747d282f62ad2cd6c",
    "https://deno.land/std@0.208.0/assert/assert_array_includes.ts": "6856d7f2c3544bc6e62fb4646dfefa3d1df5ff14744d1bca19f0cbaf3b0d66c9",
    "https://deno.land/std@0.208.0/assert/assert_equals.ts": "d8ec8a22447fbaf2fc9d7c3ed2e66790fdb74beae3e482855d75782218d68227",
    "https://deno.land/std@0.208.0/assert/assert_exists.ts": "407cb6b9fb23a835cd8d5ad804e2e2edbbbf3870e322d53f79e1c7a512e2efd7",
    "https://deno.land/std@0.208.0/assert/assert_false.ts": "0ccbcaae910f52c857192ff16ea08bda40fdc79de80846c206bfc061e8c851c6",
    "https://deno.land/std@0.208.0/assert/assert_greater.ts": "ae2158a2d19313bf675bf7251d31c6dc52973edb12ac64ac8fc7064152af3e63",
    "https://deno.land/std@0.208.0/assert/assert_greater_or_equal.ts": "1439da5ebbe20855446cac50097ac78b9742abe8e9a43e7de1ce1426d556e89c",
    "https://deno.land/std@0.208.0/assert/assert_instance_of.ts": "3aedb3d8186e120812d2b3a5dea66a6e42bf8c57a8bd927645770bd21eea554c",
    "https://deno.land/std@0.208.0/assert/assert_is_error.ts": "c21113094a51a296ffaf036767d616a78a2ae5f9f7bbd464cd0197476498b94b",
    "https://deno.land/std@0.208.0/assert/assert_less.ts": "aec695db57db42ec3e2b62e97e1e93db0063f5a6ec133326cc290ff4b71b47e4",
    "https://deno.land/std@0.208.0/assert/assert_less_or_equal.ts": "5fa8b6a3ffa20fd0a05032fe7257bf985d207b85685fdbcd23651b70f928c848",
    "https://deno.land/std@0.208.0/assert/assert_match.ts": "c4083f80600bc190309903c95e397a7c9257ff8b5ae5c7ef91e834704e672e9b",
    "https://deno.land/std@0.208.0/assert/assert_not_equals.ts": "9f1acab95bd1f5fc9a1b17b8027d894509a745d91bac1718fdab51dc76831754",
    "https://deno.land/std@0.208.0/assert/assert_not_instance_of.ts": "0c14d3dfd9ab7a5276ed8ed0b18c703d79a3d106102077ec437bfe7ed912bd22",
    "https://deno.land/std@0.208.0/assert/assert_not_match.ts": "3796a5b0c57a1ce6c1c57883dd4286be13a26f715ea662318ab43a8491a13ab0",
    "https://deno.land/std@0.208.0/assert/assert_not_strict_equals.ts": "4cdef83df17488df555c8aac1f7f5ec2b84ad161b6d0645ccdbcc17654e80c99",
    "https://deno.land/std@0.208.0/assert/assert_object_match.ts": "d8fc2867cfd92eeacf9cea621e10336b666de1874a6767b5ec48988838370b54",
    "https://deno.land/std@0.208.0/assert/assert_rejects.ts": "45c59724de2701e3b1f67c391d6c71c392363635aad3f68a1b3408f9efca0057",
    "https://deno.land/std@0.208.0/assert/assert_strict_equals.ts": "b1f538a7ea5f8348aeca261d4f9ca603127c665e0f2bbfeb91fa272787c87265",
    "https://deno.land/std@0.208.0/assert/assert_string_includes.ts": "b821d39ebf5cb0200a348863c86d8c4c4b398e02012ce74ad15666fc4b631b0c",
    "https://deno.land/std@0.208.0/assert/assert_throws.ts": "63784e951475cb7bdfd59878cd25a0931e18f6dc32a6077c454b2cd94f4f4bcd",
    "https://deno.land/std@0.208.0/assert/assertion_error.ts": "4d0bde9b374dfbcbe8ac23f54f567b77024fb67dbb1906a852d67fe050d42f56",
    "https://deno.land/std@0.208.0/assert/equal.ts": "9f1a46d5993966d2596c44e5858eec821859b45f783a5ee2f7a695dfc12d8ece",
    "https://deno.land/std@0.208.0/assert/fail.ts": "c36353d7ae6e1f7933d45f8ea51e358c8c4b67d7e7502028598fe1fea062e278",
    "https://deno.land/std@0.208.0/assert/mod.ts": "37c49a26aae2b254bbe25723434dc28cd7532e444cf0b481a97c045d110ec085",
    "https://deno.land/std@0.208.0/assert/unimplemented.ts": "d56fbeecb1f108331a380f72e3e010a1f161baa6956fd0f7cf3e095ae1a4c75a",
    "https://deno.land/std@0.208.0/assert/unreachable.ts": "4600dc0baf7d9c15a7f7d234f00c23bca8f3eba8b140286aaca7aa998cf9a536",
    "https://deno.land/std@0.208.0/async/delay.ts": "a6142eb44cdd856b645086af2b811b1fcce08ec06bb7d50969e6a872ee9b8659",
    "https://deno.land/std@0.208.0/cli/parse_args.ts": "9bea02050b3f302e706871ff87ecfa3ad82cc34249adbe0dcddfaac75bdb48ff",
    "https://deno.land/std@0.208.0/encoding/_util.ts": "f368920189c4fe6592ab2e93bd7ded8f3065b84f95cd3e036a4a10a75649dcba",
    "https://deno.land/std@0.208.0/encoding/base64.ts": "81c0ecff5ccb402def58ca03d8bd245bd01da15a077d3362b568e991aa10f4d9",
    "https://deno.land/std@0.208.0/fmt/bytes.ts": "f29cf69e0791d375f9f5d94ae1f0641e5a03b975f32ddf86d70f70fdf37e7b6a",
    "https://deno.land/std@0.208.0/fmt/colors.ts": "34b3f77432925eb72cf0bfb351616949746768620b8e5ead66da532f93d10ba2",
    "https://deno.land/std@0.208.0/http/etag.ts": "259abf65316c728660e34a100dcb07a1303c37ab6ca3d4ee068503c18b4358b0",
    "https://deno.land/std@0.208.0/http/file_server.ts": "8a2035a1130fab717a103375d85bf99b25ee27bede8d5a4b3ead2ece24de8b6e",
    "https://deno.land/std@0.208.0/http/server.ts": "f3cde6672e631d3e00785743cfa96bfed275618c0352c5ae84abbe5a2e0e4afc",
    "https://deno.land/std@0.208.0/http/status.ts": "dcbcc0f048ba8fad81228ac66e4a984c924a28c05701dddd20e0f005681d932f",
    "https://deno.land/std@0.208.0/media_types/_db.ts": "7606d83e31f23ce1a7968cbaee852810c2cf477903a095696cdc62eaab7ce570",
    "https://deno.land/std@0.208.0/media_types/_util.ts": "0879b04cc810ff18d3dcd97d361e03c9dfb29f67d7fc4a9c6c9d387282ef5fe8",
    "https://deno.land/std@0.208.0/media_types/content_type.ts": "a7a3cb6a2b6e81101637afcaa9884d655b4568ded84fa7e6169bb690a87ee2aa",
    "https://deno.land/std@0.208.0/media_types/format_media_type.ts": "f5e1073c05526a6f5a516ac5c5587a1abd043bf1039c71cde1166aa4328c8baf",
    "https://deno.land/std@0.208.0/media_types/get_charset.ts": "18b88274796fda5d353806bf409eb1d2ddb3f004eb4bd311662c4cdd8ac173db",
    "https://deno.land/std@0.208.0/media_types/parse_media_type.ts": "31ccf2388ffab31b49500bb89fa0f5de189c8897e2ee6c9954f207637d488211",
    "https://deno.land/std@0.208.0/media_types/vendor/mime-db.v1.52.0.ts": "6925bbcae81ca37241e3f55908d0505724358cda3384eaea707773b2c7e99586",
    "https://deno.land/std@0.208.0/path/_common/assert_path.ts": "061e4d093d4ba5aebceb2c4da3318bfe3289e868570e9d3a8e327d91c2958946",
    "https://deno.land/std@0.208.0/path/_common/constants.ts": "e49961f6f4f48039c0dfed3c3f93e963ca3d92791c9d478ac5b43183413136e0",
    "https://deno.land/std@0.208.0/path/_common/normalize.ts": "2ba7fb4cc9fafb0f38028f434179579ce61d4d9e51296fad22b701c3d3cd7397",
    "https://deno.land/std@0.208.0/path/_common/normalize_string.ts": "88c472f28ae49525f9fe82de8c8816d93442d46a30d6bb5063b07ff8a89ff589",
    "https://deno.land/std@0.208.0/path/_common/relative.ts": "1af19d787a2a84b8c534cc487424fe101f614982ae4851382c978ab2216186b4",
    "https://deno.land/std@0.208.0/path/_os.ts": "30b0c2875f360c9296dbe6b7f2d528f0f9c741cecad2e97f803f5219e91b40a2",
    "https://deno.land/std@0.208.0/path/extname.ts": "2da4e2490f3b48b7121d19fb4c91681a5e11bd6bd99df4f6f47d7a71bb6ecdf2",
    "https://deno.land/std@0.208.0/path/join.ts": "98d3d76c819af4a11a81d5ba2dbb319f1ce9d63fc2b615597d4bcfddd4a89a09",
    "https://deno.land/std@0.208.0/path/posix/_util.ts": "ecf49560fedd7dd376c6156cc5565cad97c1abe9824f4417adebc7acc36c93e5",
    "https://deno.land/std@0.208.0/path/posix/extname.ts": "ee7f6571a9c0a37f9218fbf510c440d1685a7c13082c348d701396cc795e0be0",
    "https://deno.land/std@0.208.0/path/posix/join.ts": "0c0d84bdc344876930126640011ec1b888e6facf74153ffad9ef26813aa2a076",
    "https://deno.land/std@0.208.0/path/posix/normalize.ts": "11de90a94ab7148cc46e5a288f7d732aade1d616bc8c862f5560fa18ff987b4b",
    "https://deno.land/std@0.208.0/path/posix/relative.ts": "e2f230608b0f083e6deaa06e063943e5accb3320c28aef8d87528fbb7fe6504c",
    "https://deno.land/std@0.208.0/path/posix/resolve.ts": "51579d83159d5c719518c9ae50812a63959bbcb7561d79acbdb2c3682236e285",
    "https://deno.land/std@0.208.0/path/relative.ts": "23d45ede8b7ac464a8299663a43488aad6b561414e7cbbe4790775590db6349c",
    "https://deno.land/std@0.208.0/path/resolve.ts": "5b184efc87155a0af9fa305ff68a109e28de9aee81fc3e77cd01380f19daf867",
    "https://deno.land/std@0.208.0/path/separator.ts": "40a3e9a4ad10bef23bc2cd6c610291b6c502a06237c2c4cd034a15ca78dedc1f",
    "https://deno.land/std@0.208.0/path/windows/_util.ts": "f32b9444554c8863b9b4814025c700492a2b57ff2369d015360970a1b1099d54",
    "https://deno.land/std@0.208.0/path/windows/join.ts": "e6600bf88edeeef4e2276e155b8de1d5dec0435fd526ba2dc4d37986b2882f16",
    "https://deno.land/std@0.208.0/path/windows/normalize.ts": "9deebbf40c81ef540b7b945d4ccd7a6a2c5a5992f791e6d3377043031e164e69",
    "https://deno.land/std@0.208.0/path/windows/relative.ts": "026855cd2c36c8f28f1df3c6fbd8f2449a2aa21f48797a74700c5d872b86d649",
    "https://deno.land/std@0.208.0/path/windows/resolve.ts": "5ff441ab18a2346abadf778121128ee71bda4d0898513d4639a6ca04edca366b",
    "https://deno.land/std@0.208.0/streams/byte_slice_stream.ts": "c46d7c74836fc8c1a9acd9fe211cbe1bbaaee1b36087c834fb03af4991135c3a",
    "https://deno.land/std@0.208.0/testing/_test_suite.ts": "30f018feeb3835f12ab198d8a518f9089b1bcb2e8c838a8b615ab10d5005465c",
    "https://deno.land/std@0.208.0/testing/bdd.ts": "c41f019786c4a9112aadb7e5a7bbcc711f58429ac5904b3855fa248ba5fa0ba6",
    "https://deno.land/std@0.208.0/testing/mock.ts": "3f23573411caf1eacd48d62c5f9a606970648a694ce55132c76b0d2365baa03d",
    "https://deno.land/std@0.208.0/version.ts": "a3207ea06bba42f09c7c7ab46590b202c98366f26d2ae31622a4839257dbc790",
    "https://deno.land/x/deno_cache@0.5.2/auth_tokens.ts": "5d1d56474c54a9d152e44d43ea17c2e6a398dd1e9682c69811a313567c01ee1e",
    "https://deno.land/x/deno_cache@0.5.2/cache.ts": "92ce8511e1e5c00fdf53a41619aa77d632ea8e0fc711324322e4d5ebf8133911",
    "https://deno.land/x/deno_cache@0.5.2/deno_dir.ts": "1ea355b8ba11c630d076b222b197cfc937dd81e5a4a260938997da99e8ff93a0",
    "https://deno.land/x/deno_cache@0.5.2/deps.ts": "26a75905652510b76e54b6d5ef3cf824d1062031e00782efcd768978419224e7",
    "https://deno.land/x/deno_cache@0.5.2/dirs.ts": "009c6f54e0b610914d6ce9f72f6f6ccfffd2d47a79a19061e0a9eb4253836069",
    "https://deno.land/x/deno_cache@0.5.2/disk_cache.ts": "66a1e604a8d564b6dd0500326cac33d08b561d331036bf7272def80f2f7952aa",
    "https://deno.land/x/deno_cache@0.5.2/file_fetcher.ts": "89616c50b6df73fb04e73d0b7cd99e5f2ed7967386913d65b9e8baa4238501f7",
    "https://deno.land/x/deno_cache@0.5.2/http_cache.ts": "407135eaf2802809ed373c230d57da7ef8dff923c4abf205410b9b99886491fd",
    "https://deno.land/x/deno_cache@0.5.2/lib/deno_cache_dir.generated.js": "18b6526d0c50791a73dd0eb894e99de1ac05ee79dcbd53298ff5b5b6b0757fe6",
    "https://deno.land/x/deno_cache@0.5.2/lib/snippets/deno_cache_dir-77bed54ace8005e0/fs.js": "cbe3a976ed63c72c7cb34ef845c27013033a3b11f9d8d3e2c4aa5dda2c0c7af6",
    "https://deno.land/x/deno_cache@0.5.2/mod.ts": "0b4d071ad095128bdc2b1bc6e5d2095222dcbae08287261690ee9757e6300db6",
    "https://deno.land/x/deno_cache@0.5.2/util.ts": "f3f5a0cfc60051f09162942fb0ee87a0e27b11a12aec4c22076e3006be4cc1e2",
    "https://deno.land/x/dir@1.5.1/data_local_dir/mod.ts": "91eb1c4bfadfbeda30171007bac6d85aadacd43224a5ed721bbe56bc64e9eb66",
    "https://deno.land/x/emit@0.32.0/_utils.ts": "98412edc7aa29e77d592b54fbad00bdec1b05d0c25eb772a5f8edc9813e08d88",
    "https://deno.land/x/emit@0.32.0/emit.generated.js": "8c8e1fed94f6b742042897312ad223fff0f5d3c92317ff9970a5b7e8b2bd9441",
    "https://deno.land/x/emit@0.32.0/mod.ts": "326c48e48f3f3c83c11b089aec803e6270bcd64493f250aeb56f46f6960a8458",
    "https://deno.land/x/wasmbuild@0.15.1/cache.ts": "9d01b5cb24e7f2a942bbd8d14b093751fa690a6cde8e21709ddc97667e6669ed",
    "https://deno.land/x/wasmbuild@0.15.1/loader.ts": "8c2fc10e21678e42f84c5135d8ab6ab7dc92424c3f05d2354896a29ccfd02a63",
    "https://esm.sh/@testing-library/dom@9.3.4/denonext/dom.mjs": "79ddb1d57594d9f5b4abb217753ecfd958ca7677b65d241a2096be4f9fea05fd",
    "https://esm.sh/@testing-library/dom@9.3.4?target=denonext": "536d8401900335336687a63b5a73ae64f078aae6e60a6af684f644c0dd125543",
    "https://esm.sh/@testing-library/react@14.0.0": "92602d9a09120d95719fcf83a85b9e28ef8b9cbccbd45a49ef1ad8809a103399",
    "https://esm.sh/@testing-library/react@14.0.0/denonext/react.mjs": "2c9d6e9e8bc27081b7ce3fdb393982c3df1ec66a45e08e49792db059b0860b3e",
    "https://esm.sh/ansi-regex@5.0.1/denonext/ansi-regex.mjs": "657078ebd509ad0609bd50cbe926c87ff54cff769136dfc050ffb3f63b5fb8e3",
    "https://esm.sh/ansi-regex@5.0.1?target=denonext": "cef49c3f2a9750f63aa4c70f2037a34036d08ad61d7f6da2a774d6ef6090b05c",
    "https://esm.sh/ansi-styles@4.3.0/denonext/ansi-styles.mjs": "f92a2a6ff9a3548ef9824c2ed7b054025df3a0fd1ce0f19455d61e656bc88e07",
    "https://esm.sh/ansi-styles@4.3.0?target=denonext": "449ddfe9f05b1d7c660166e044832eceaaca61f37b0ea3180aff9439227fe63e",
    "https://esm.sh/ansi-styles@5.2.0/denonext/ansi-styles.mjs": "ce79e9ce88164eab82ecef3de86d7bc1ad9386964bd196d6891edc697bc3cbad",
    "https://esm.sh/ansi-styles@5.2.0?target=denonext": "b71334924fd0368f27f7392d49b6b34d0126e5e9563a19627249ae6d798bc836",
    "https://esm.sh/aria-query@5.1.3/denonext/aria-query.mjs": "8a4fe7717a1597d3c6f18ed8dc2f54d3cee17be439eb0cff8e3f7c4500cd69b3",
    "https://esm.sh/available-typed-arrays@1.0.7/denonext/available-typed-arrays.mjs": "93182ca5316fb57d1aba1c4948c9344fd637f1e1f033dd375f1bfb6c2bc56825",
    "https://esm.sh/available-typed-arrays@1.0.7?target=denonext": "3ec1ac199dfd2461bd45f3b1f43ccb0040e974a2744b45e1b161583a3bb6efbf",
    "https://esm.sh/axe-core@4.7.2/denonext/axe-core.mjs": "a9b5f45a6ac7e125544527e5b58a60f2ad7e61e1ed2a0646c7ed4c1f8f871c23",
    "https://esm.sh/call-bind-apply-helpers@1.0.2/denonext/actualApply.mjs": "e40dd22950f5eb996a325283de44db908753de3396f81ca4b4b186809ec7404b",
    "https://esm.sh/call-bind-apply-helpers@1.0.2/denonext/call-bind-apply-helpers.mjs": "1c096a11476850297224ad825a8e505c23fcc555a8474e929897f8d799fef30b",
    "https://esm.sh/call-bind-apply-helpers@1.0.2/denonext/functionApply.mjs": "20d90adbc9be9d9b51fe4fe1019f8bd1d0823f27a2557eed275b9e44c07260c5",
    "https://esm.sh/call-bind-apply-helpers@1.0.2/denonext/functionCall.mjs": "b36700f863bccd6667f66bfdc7cd9a252129cb203bf5eef59bf29046b9da1467",
    "https://esm.sh/call-bind-apply-helpers@1.0.2/denonext/reflectApply.mjs": "ad4d25d2a301d5d1701b908c50aa229ff4b5e62f05136d3828f1a26d5dc901f6",
    "https://esm.sh/call-bind-apply-helpers@1.0.2/functionApply?target=denonext": "62c4f7ef478c97ef7b1ba0e303d61df3cb4a1df4317b606e43b655f0e4219c43",
    "https://esm.sh/call-bind-apply-helpers@1.0.2/functionCall?target=denonext": "4366685652c948d1c2ca5264d496bb739f52ee5860950a1496e5214759135cc8",
    "https://esm.sh/call-bind-apply-helpers@1.0.2?target=denonext": "905e972ffcd24bdbceda3bc3208a2102b1ba8ebc2e74e55e42433ad17e1e455e",
    "https://esm.sh/call-bind@1.0.8/callBound?target=denonext": "2d34fc53a84745669333f9a56dcf83cc6aa766a9171e5c3c196284b199180559",
    "https://esm.sh/call-bind@1.0.8/denonext/callBound.mjs": "32b632bcfb8e91bccb38571f71f21b1e9a7d970add5b92ffab6cab0827413adb",
    "https://esm.sh/call-bound@1.0.4/denonext/call-bound.mjs": "08fb5feeb1c0e871cfd19912759ea62b7023bac1d443ffb498f3968082bb3711",
    "https://esm.sh/call-bound@1.0.4?target=denonext": "8861d775f1c2f685b8985662bfc0eb9037cef7c41c7ee39ae49306662933cc67",
    "https://esm.sh/chalk@4.1.2/denonext/chalk.mjs": "9187ca5ecb3b97f51ce51e5d796cdf20b2d281e98fde12015872b82ec357d342",
    "https://esm.sh/chalk@4.1.2?target=denonext": "964f095d761be8c1a4772f646f99abbbf38cfe4c213d8c3af80bc0dd48456393",
    "https://esm.sh/clsx@2.0.0": "aab7b9573a46b5c209eb1b055d914a2986ec157f7976abfc83efe79409bd3971",
    "https://esm.sh/clsx@2.0.0/denonext/clsx.mjs": "2388a92fa19cb0f25091ac048459897341695e8b77b3a88c1ee02d5c000d087c",
    "https://esm.sh/color-convert@2.0.1/denonext/color-convert.mjs": "37574fd691311f042bb20d0334c13b2b7e5374b25d86911cdea6ae965800cb1b",
    "https://esm.sh/color-convert@2.0.1?target=denonext": "df6d07b59fbe52a096d8aea9e79fc32b693e9dd9666054b4566cbad4d48c62fe",
    "https://esm.sh/color-name@1.1.4/denonext/color-name.mjs": "3b5b10fc0cd9f96d56c81cc7559a2106ff64a401a8100cd33e1f4b68e677c562",
    "https://esm.sh/color-name@1.1.4?target=denonext": "55709266f414e5115ac52d6831ba4951f7c8b9ac663f0f79ddc8ed782b4fb735",
    "https://esm.sh/deep-equal@2.2.3/denonext/deep-equal.mjs": "b48d866e5df8a141481f6d3bcf915d6431aa851df957236b846826d88acbbeed",
    "https://esm.sh/deep-equal@2.2.3?target=denonext": "2a3e3775feb462a36c0e323fa98005b489264e85e85407b2560011ea45c694c6",
    "https://esm.sh/diff-sequences@29.6.3/denonext/diff-sequences.mjs": "d8a5ba5c489d81dd36e6b5bdcd2c6cb1541e87626a3267daa6e850d176b67ee7",
    "https://esm.sh/diff-sequences@29.6.3?target=denonext": "c0f4175ece792223d130ac07241ef2ad9884fa525da413a56a143944de7a6a60",
    "https://esm.sh/dom-accessibility-api@0.5.16/denonext/dom-accessibility-api.mjs": "8929e35f80f317aa7ad976229f439fc29a00edd1048091bbe7751afb103fc8f8",
    "https://esm.sh/dom-accessibility-api@0.5.16?target=denonext": "9352cc8ce716379974d7fda5d4649058815e5a711b572dbe35cedd885b78eb23",
    "https://esm.sh/dunder-proto@1.0.1/denonext/get.mjs": "8249c9d4dfb0c1f5ee60df6588c77153a4da927b2759e7059b4124c69a8e9223",
    "https://esm.sh/dunder-proto@1.0.1/get?target=denonext": "13d001daa54e39c69fe8034e0f54ecf326c1b44fcdf005b47a16087c535ee15e",
    "https://esm.sh/es-object-atoms@1.1.1/denonext/es-object-atoms.mjs": "002f305a1112ee598445ab88204560f9e3e1595d4086d4b044d845364df196d1",
    "https://esm.sh/es-object-atoms@1.1.1?target=denonext": "42f0f1f77d6dc7e20b9510cd914b97e8f20c57c218bccd433292a9d86a7f2123",
    "https://esm.sh/get-intrinsic@1.3.0/denonext/get-intrinsic.mjs": "ce0f31ce994cbac65ff02fade1bee729faf9a8a3fac8b0e85a779b0a6538fc41",
    "https://esm.sh/get-intrinsic@1.3.0?target=denonext": "d00c740437013cacdbb731340b56585ab4b0f8da1aa6c6e904c8d8bfbee11203",
    "https://esm.sh/get-proto@1.0.1/Object.getPrototypeOf?target=denonext": "07ea2fdda9026eb3b7e18eff95a1314a82db3b37efd0e4a1b7bd91c454bfd492",
    "https://esm.sh/get-proto@1.0.1/Reflect.getPrototypeOf?target=denonext": "08346568b8d1b2532dfff0affbb99b0400960313cb1b350969f9ca1f889ac700",
    "https://esm.sh/get-proto@1.0.1/denonext/Object.getPrototypeOf.mjs": "d62989d14e99b23a7604030f5b2c176b55067bd790d9056fd7b8a7f324c13c62",
    "https://esm.sh/get-proto@1.0.1/denonext/Reflect.getPrototypeOf.mjs": "4b884fb35dbdc6b2a67708f195cf46435514a7eb3930578453176aafe59d49fe",
    "https://esm.sh/get-proto@1.0.1/denonext/get-proto.mjs": "0e4ddb145c883b3f941aeba555feb48b9f177838d070449782265daf59b77377",
    "https://esm.sh/get-proto@1.0.1?target=denonext": "fa3e52250f16f485da729565f1f41dcbb23edeb64420db0146e374cc835c9b04",
    "https://esm.sh/has-bigints@1.1.0/denonext/has-bigints.mjs": "37c62b6fd1536b115074ec760b76c0d649ce43ef20003b0af5833e4a99ce649c",
    "https://esm.sh/has-bigints@1.1.0?target=denonext": "59a181127502d0edd62f22b642c8eab903b37c3afc5f385c3e0ef79dca396a50",
    "https://esm.sh/has-flag@4.0.0/denonext/has-flag.mjs": "f0b7a96d6f0fb511a4394b68e679a0c4ff6f2dd6762c178846ca117d29d0dbd3",
    "https://esm.sh/has-flag@4.0.0?target=denonext": "f0fce90fca2a5c1b7ef038d0426f5d0145938585dd061e5413d078747913d48b",
    "https://esm.sh/has-symbols@1.1.0/denonext/shams.mjs": "a026dbb4ac54230b9852c03890c8f3df352a7e5a77dac1ce9cfbf1d070b94f5e",
    "https://esm.sh/has-symbols@1.1.0/shams?target=denonext": "150a0ff4b0ec96844b78c283eb95d034b0e46283b9d843833d40fc094f072b82",
    "https://esm.sh/has-tostringtag@1.0.2/denonext/shams.mjs": "18aeee6c2845e12dabf52876a3b8d1ae201313270623dae7014151bd218ddbe8",
    "https://esm.sh/has-tostringtag@1.0.2/shams?target=denonext": "a2ab504d7b21cf47d222033eec8e8517d56d9681a55517e9a9e2e41e52208bcb",
    "https://esm.sh/html2canvas@1.4.1": "7c7506658947c798388a68425ade96cfca25110f0358cd1ad56a58972a7167f2",
    "https://esm.sh/immer@10.1.1/denonext/immer.mjs": "2744800a0b4eef546cc5f49248f21b6772853ad75e292cadc065bde4e6e10c06",
    "https://esm.sh/immer@10.1.1?target=denonext": "cec17a4e9b61db764c6cc4c20d039359100b1a06d1aa0d63589f0459f2ef4a72",
    "https://esm.sh/is-arguments@1.2.0/denonext/is-arguments.mjs": "ce5a4a3638ccca0bc70531c6c9335682e3f075841cd9984e2e2468ee99824872",
    "https://esm.sh/is-arguments@1.2.0?target=denonext": "e3058fd0c1dfdc5b0000498df25088d73da2465d8402046d224f603a78cd3522",
    "https://esm.sh/is-bigint@1.1.0/denonext/is-bigint.mjs": "ee8decb11884e6ddc2fe8c4bf7249e18fee09140fd7c47398877acab6994196b",
    "https://esm.sh/is-bigint@1.1.0?target=denonext": "9fc16360ece52add6b5aff061717e1306f3e2f9c743701afcfd8c31bf1d1d2cb",
    "https://esm.sh/is-map@2.0.3/denonext/is-map.mjs": "01395ffe604ffc6a1aee02cfe03d9fe1b17f7d41039fdee584878fe50c8794b9",
    "https://esm.sh/is-map@2.0.3?target=denonext": "901b77964bd87b06429f376e72acc4cb810c93003d28ff092a2321ff48e47d19",
    "https://esm.sh/is-regex@1.2.1/denonext/is-regex.mjs": "64552425db43a7b161e9d02add119e8defe730180685ee03d4b7a9f56e46db05",
    "https://esm.sh/is-regex@1.2.1?target=denonext": "d3c2875b72caaaf1f06223a370409ec2f2c66f6839e5b249d0a1ca62bd8f8ce7",
    "https://esm.sh/is-set@2.0.3/denonext/is-set.mjs": "4c23a4e0f1e859825935c5a9de607108d0285353836066bbc1dbe60154e2c5dd",
    "https://esm.sh/is-set@2.0.3?target=denonext": "d544fa3f4115b5c0bc626c468ae25a1282a40cc8bcd46e86e6b8fea6e399941b",
    "https://esm.sh/is-symbol@1.1.1/denonext/is-symbol.mjs": "3c29f1958441a254cbd984a4c2f5c936edf93da1a2fd40d33b4d8dd5e11191c6",
    "https://esm.sh/is-symbol@1.1.1?target=denonext": "d3a826f8a2be3baa8cf1f8a44611a8c8ef8d7ffdd787a6524faab716d222028d",
    "https://esm.sh/is-weakmap@2.0.2/denonext/is-weakmap.mjs": "ea30e6eac2b0bc04aefcd80573af334d0c10925b8890079ab108aee6624da07e",
    "https://esm.sh/is-weakmap@2.0.2?target=denonext": "36dcce4c14bda9b0b7a551175ca30cc458feb5a07fda7f039e054fc5abf344de",
    "https://esm.sh/is-weakset@2.0.4/denonext/is-weakset.mjs": "0eac8f298792953efd2472370ca31bb2385c47dcf5ece0b7e3b0a1fd82bc4d00",
    "https://esm.sh/is-weakset@2.0.4?target=denonext": "a29931b9aa4385046035574827946965be616f9390dce529757472e236837080",
    "https://esm.sh/isarray@2.0.5/denonext/isarray.mjs": "99995394a19b90a4f0679cd6c51f188a78da023371ca0b1fc8468cd46bd7b018",
    "https://esm.sh/isarray@2.0.5?target=denonext": "db340528d5ca21d1b697849110aad907ef4918ff28c477fb2f82282e392067bc",
    "https://esm.sh/jest-axe@8.0.0": "e15ce0499d0f46c2029cbabf58ef5ee7c8ecaaa0613debf990a71a8f2d91f6cc",
    "https://esm.sh/jest-axe@8.0.0/denonext/jest-axe.mjs": "caa9011c07a9ea3b1557ac5aec0e34d9a1c6592cd87759bd65d6be3ae97f4097",
    "https://esm.sh/jest-diff@29.7.0/denonext/jest-diff.mjs": "ab0656d710db98c1ec386ca171c753aa65980f7fded89675d176e487df14f61c",
    "https://esm.sh/jest-diff@29.7.0?target=denonext": "961e7201bbd397a0ac51aa84ab127801cd22406ca925396143d2bd00786bd28a",
    "https://esm.sh/jest-get-type@29.6.3/denonext/jest-get-type.mjs": "441d1ee79a81832a7e07d1719042a232b4dc63d9b7e43bd17206c15f1cde3b0d",
    "https://esm.sh/jest-get-type@29.6.3?target=denonext": "5f458000d703de9bbca86fa6b63f1c7b513a4327f386dba957d3e08736ea5427",
    "https://esm.sh/jest-matcher-utils@29.2.2/denonext/jest-matcher-utils.mjs": "be3267d7f20154dfa8f59369a7990b79c612b88705fccbfdb00554bd8e7bfbda",
    "https://esm.sh/jspdf@2.5.1": "c07581dbd904c5f4347d0ae882a204e4b398d78fbd75b04e67ffa1c9269be362",
    "https://esm.sh/lodash.merge@4.6.2/denonext/lodash.merge.mjs": "e74c15a0b548d2caf4941b7db00b8a66cdf661c53ff0837387146817e997bc05",
    "https://esm.sh/lz-string@1.5.0/denonext/lz-string.mjs": "f78a7f5bd28b50ba96fd7bd0ecf8cdeffef3a9f0ec430519e6a993b887fb0e9b",
    "https://esm.sh/lz-string@1.5.0?target=denonext": "dea8909e240e2de1893fbd1b5740570560bae6ceda48e584b57d6728b51910fc",
    "https://esm.sh/math-intrinsics@1.1.0/abs?target=denonext": "b43b9b3996b29cda49a1ad6d71b876095144b3252c761b4338e8870e5073542e",
    "https://esm.sh/math-intrinsics@1.1.0/denonext/abs.mjs": "08304368394a36ee89a52def8a533da1f7c602891647a3e10543a8bbdb746c8b",
    "https://esm.sh/math-intrinsics@1.1.0/denonext/floor.mjs": "c5e41bb95fa47641ca012faa0a093eef6401d3ace4479a85e39cf726eb184785",
    "https://esm.sh/math-intrinsics@1.1.0/denonext/isNaN.mjs": "4c0aa9576873f1a60fc724bf6a7959ae3eb30e6b002aa3a94a00f6d071ae4fb2",
    "https://esm.sh/math-intrinsics@1.1.0/denonext/max.mjs": "d7b63113695c5fef18e6c505fb0db439cefefe5d6578283207bbed54287c53e9",
    "https://esm.sh/math-intrinsics@1.1.0/denonext/min.mjs": "445c0cbc6acecab1076657ce2b3ce8783b6bd7ec638b76b128dae98a92a9876a",
    "https://esm.sh/math-intrinsics@1.1.0/denonext/pow.mjs": "b15d61336938ae7d84cd9e223509cb576cc2b89a34ec678889c6cdc82bfdd45c",
    "https://esm.sh/math-intrinsics@1.1.0/denonext/round.mjs": "a96681000e62bc8c0ff3582a77981fc88fa3034ed5bb85b3e1a15047eeb954b6",
    "https://esm.sh/math-intrinsics@1.1.0/denonext/sign.mjs": "323a0314efc3a9892beebf5cdd3b6a1d71986821b58548b3a593f8103e4c49b0",
    "https://esm.sh/math-intrinsics@1.1.0/floor?target=denonext": "58bd34b24e7c69b79e09243ed99bf0aa35e0423524c5d6f3986d46f72b19cdab",
    "https://esm.sh/math-intrinsics@1.1.0/max?target=denonext": "67e6a93d9f2dd0eb70967013abd67be262b7651e05c4384c9899621ed29db5bb",
    "https://esm.sh/math-intrinsics@1.1.0/min?target=denonext": "869cb45f08e5642671cb4e0078b73fae5e767656e7ab86a208ca721d67b42fb1",
    "https://esm.sh/math-intrinsics@1.1.0/pow?target=denonext": "4f42df7a6c0593efdb1edb840affe3a464884ac3287fa18b03810021ee55a5fb",
    "https://esm.sh/math-intrinsics@1.1.0/round?target=denonext": "635d454d1f3fe901ab84dc7508ca8ba90825085b051278f083986ab8d763e675",
    "https://esm.sh/math-intrinsics@1.1.0/sign?target=denonext": "67eede9463cdb90393f9e449e8d6d59283db42ff1793fc381292a5612e535cfe",
    "https://esm.sh/object-inspect@1.13.4/denonext/object-inspect.mjs": "45c312125d1f5469db2840085ce40fa3fbaab81bebcb4b2f79153f9eeaa05230",
    "https://esm.sh/object-inspect@1.13.4?target=denonext": "426a13b7cd2fb610060e1d943f1ae802ef3873c2055b80dd75b39fddcb5b91f9",
    "https://esm.sh/possible-typed-array-names@1.1.0/denonext/possible-typed-array-names.mjs": "6097346baff73237bd5769588fbe49b005f037afe44d197bd22bcf950436cb74",
    "https://esm.sh/possible-typed-array-names@1.1.0?target=denonext": "4fa6a037595f6e4b2de2f50b4de0239292a632e1216aff51ce7e4a5dc176c0e3",
    "https://esm.sh/pretty-format@27.5.1/denonext/ConvertAnsi.mjs": "a6b572a445a3d6288735415ba14226d5a41ea93db375454ee3246a9e8fdb739b",
    "https://esm.sh/pretty-format@27.5.1/denonext/pretty-format.mjs": "a0691f159ace8b55c47b24506aec3988013996153a2bccce199f5fb262daa922",
    "https://esm.sh/pretty-format@27.5.1?target=denonext": "f116b5d81ed25aa4995c737ed29dc32d1ff497ee382308eb52408a98a51e5024",
    "https://esm.sh/pretty-format@29.7.0/denonext/pretty-format.mjs": "081478c3ae940053c67d94a7944ad1ff4317e4b2537189c549e58e1b6c153403",
    "https://esm.sh/pretty-format@29.7.0?target=denonext": "ad709b46c9b851216eff6e8ffc1e54671db6a3e2b81885bebe415a761af4b481",
    "https://esm.sh/react-dom@18.2.0/client": "f43f7bb47905958ce487302ca818ba5a845a6029daa7ea22ef097a575b72045b",
    "https://esm.sh/react-dom@18.2.0/client?types": "f43f7bb47905958ce487302ca818ba5a845a6029daa7ea22ef097a575b72045b",
    "https://esm.sh/react-dom@18.2.0/denonext/client.mjs": "647e3a3f2d666d6201c41113844726e0f5abaaab5e5fefad4ce497b4f9090d63",
    "https://esm.sh/react-dom@18.2.0/denonext/react-dom.development.mjs": "d0dceb484cc57a607f46161efd6552d0f5bc621c52d5ca11521337e287bee9ed",
    "https://esm.sh/react-dom@18.2.0/denonext/react-dom.mjs": "f77c94bf8c2af4e2c863f5c9d2bec24967bbb8cf759d4747961e063fa1479ffb",
    "https://esm.sh/react-dom@18.2.0?dev": "6c9960cc4385d8ef5a465c955be2c00e8c222ba0283d4503f486d0aa3397c4c5",
    "https://esm.sh/react-dom@18.3.1/client?target=denonext": "21721a0da8572c9017131699230e73bd29b31cae9763948f5a7e3966315d07a2",
    "https://esm.sh/react-dom@18.3.1/denonext/client.mjs": "318f533d016f138272e71e96cfcd38e317eb5587769116698aa041b33c66b720",
    "https://esm.sh/react-dom@18.3.1/denonext/react-dom.mjs": "73466556f7d9fc48119edecdc1ebb5035b51c23863cd0899bc20f7fdae18196d",
    "https://esm.sh/react-dom@18.3.1/denonext/test-utils.mjs": "adb172f59522f25b50edcb0bab617d15b72be682ea1442db2a842b1b53d6a0c4",
    "https://esm.sh/react-dom@18.3.1/test-utils?target=denonext": "f31be862bd984c78528da8a78b9dc9d37344e5e3a2c10a98afc481c6fa65319d",
    "https://esm.sh/react-dom@18.3.1?target=denonext": "3352732344c5b11264f40d467ac8be1124cf462b05bf691864663b7887c20003",
    "https://esm.sh/react-is@17.0.2/denonext/react-is.mjs": "6b144222bce64ee266c22c6c06d7620f948997404e9bf285c48ee265446193d5",
    "https://esm.sh/react-is@17.0.2?target=denonext": "d8b7baf6cea6e132411aa2e4d69366fe0b7c911c7481d31f790b8f159311c7a3",
    "https://esm.sh/react-is@18.3.1/denonext/react-is.mjs": "c1d5a0a6fe1fa91e11156a3141f231ef9fd5c344a0822d1f7558ebd77a06c405",
    "https://esm.sh/react-is@18.3.1?target=denonext": "dd7fb8e31fd333e7d7cf93786029e434a20ba2382ede1b247060f38542e74702",
    "https://esm.sh/react@18.2.0": "fed8aeb7d240bb42a2167c9c7c6e842e128c7630cbcb08c4d61c9c1926f89c75",
    "https://esm.sh/react@18.2.0/deno/jsx-runtime.mjs": "093543543ad2c93a633248786edecd11389354e80614d1598eb1108fb2ab6c49",
    "https://esm.sh/react@18.2.0/deno/react.mjs": "a986c2876dc2f73879f395e677dc34cb751f260e69db16364810655f884df173",
    "https://esm.sh/react@18.2.0/denonext/jsx-runtime.mjs": "82f5137c9609f7b42ca13787d97b8c2dc55cfb8ce378c788791c156087a13cb3",
    "https://esm.sh/react@18.2.0/denonext/react.development.mjs": "dd8deaedcaa322b368ff19c784ac5e13ee2eaa9e3d00b253b179bb44fe4462f2",
    "https://esm.sh/react@18.2.0/denonext/react.mjs": "a986c2876dc2f73879f395e677dc34cb751f260e69db16364810655f884df173",
    "https://esm.sh/react@18.2.0/jsx-runtime": "0bb3cca902d25a6827ac8153c8038b637e21bd20180bd58e827515d67de80582",
    "https://esm.sh/react@18.2.0/jsx-runtime?target=deno": "be5c2363f8b320f7c23b65614ab750ebc5ddc1f553603d207d7e483548c3fb37",
    "https://esm.sh/react@18.2.0?dev": "b751ce93e39c149a0e4868be4139e56c9915320655d53daa5f36ac1d6f97a800",
    "https://esm.sh/react@18.2.0?types": "fed8aeb7d240bb42a2167c9c7c6e842e128c7630cbcb08c4d61c9c1926f89c75",
    "https://esm.sh/react@18.3.1/denonext/react.mjs": "fec8d5ab4ffa55c8b563abc31060c3dc0205699aff20beec4aba0311efdcc1a0",
    "https://esm.sh/react@18.3.1?target=denonext": "336090fd1f03fdb9530dce4ac761717b5e1e1a630c775bac184ec4ee0809cf89",
    "https://esm.sh/react@19.1.0/denonext/react.mjs": "b43f435068776ab7a40daea8854ab1f8eca6252e86a9ac8b716bb9110ffeb76e",
    "https://esm.sh/react@19.1.0/jsx-runtime": "8c80348342f0448fbf5499e9f357ab3f678db3b7fbf782f8899fc88bb0a182c3",
    "https://esm.sh/react@19.1.0?dev": "ac1322aec122bcd49ba3dd1597af6be47134d7a5bb541e61fdf2ed746e75da68",
    "https://esm.sh/react@19.1.0?target=denonext": "8cb1e2ba1aeb012dc6807c8b3cf6ae90579b448317c9debc9d888dcabc246e66",
    "https://esm.sh/safe-regex-test@1.1.0/denonext/safe-regex-test.mjs": "7be02b42130e35dabef8185731e08456a45dee257d000220f8aa86c65d6865e9",
    "https://esm.sh/safe-regex-test@1.1.0?target=denonext": "dd74b9fee07e99eb68a3556f14dffaae7603f40873fd9d8945505c18d8c80733",
    "https://esm.sh/scheduler@0.23.2/denonext/scheduler.development.mjs": "895c5147056137150e0433166029d9405bf0c731b63892fcdf6edbbe69f894cc",
    "https://esm.sh/scheduler@0.23.2/denonext/scheduler.mjs": "8a1a8a363eb417fc8d40f6b15132e8964320782d7169e68fc6ac98b8b8c201eb",
    "https://esm.sh/scheduler@0.23.2?dev&target=denonext": "06b3cd777cf7a562dc514a3e0d5e74e175b03ca9b5ca65f032e883a2d580bbc9",
    "https://esm.sh/scheduler@0.23.2?target=denonext": "5f446c6d28a83c4c3905e964a311ac654bf1b1993bb6647ee731a592068d5a1a",
    "https://esm.sh/side-channel-list@1.0.0/denonext/side-channel-list.mjs": "615fd6bc8c12cf76f305e9037fa5d9c68683b513f05c28b282d6b6158b08fa00",
    "https://esm.sh/side-channel-list@1.0.0?target=denonext": "aa5947fc9e50ab024e202112fe8cbe16726adf354252de20c040258214c75ea5",
    "https://esm.sh/side-channel-map@1.0.1/denonext/side-channel-map.mjs": "5c6c38348826aa2b41eb5654fff235ae06a06c6f0b02ad736b6f226704d7043a",
    "https://esm.sh/side-channel-map@1.0.1?target=denonext": "8b59be4ffd58b5654971b600ca894755e9277c9be88dbfcc5673b2e85d8d30ec",
    "https://esm.sh/side-channel-weakmap@1.0.2/denonext/side-channel-weakmap.mjs": "5bee9551eadb611a71937950a614bd9d46ca5139afbb20e28321c1704953b367",
    "https://esm.sh/side-channel-weakmap@1.0.2?target=denonext": "f6ca783896c64a8ca09f483a7809e053e4e31b1569b5c5251ed5813561330dfe",
    "https://esm.sh/side-channel@1.1.0/denonext/side-channel.mjs": "2b14f5c6f2fc136405c1bda1897e81a87993ee525b4eff74232b8e6cacf9b759",
    "https://esm.sh/side-channel@1.1.0?target=denonext": "af0b34fab98933edb9b50119e3383d0f2df5451b179ded5e92007d6f773d12e2",
    "https://esm.sh/supports-color@7.2.0/denonext/supports-color.mjs": "d8c81b9a742783a5dcecb2d6c301de5bed4459113bdcee41175aa7fdbe812443",
    "https://esm.sh/supports-color@7.2.0?target=denonext": "e161939e3c5a2e8adc3edc8de038fa9e4c0d9df41e1ca1ee42e60d209c7a9b4a",
    "https://esm.sh/use-sync-external-store@1.2.0/denonext/shim.mjs": "a9bc6685e96fe3443bf61a19a2b0774434c3a70a57dfbdc5943fccce2e1caa05",
    "https://esm.sh/use-sync-external-store@1.2.0/denonext/shim/with-selector.mjs": "5590d18b29e47a3bf0e3dcf81b9b072471fb846194ba344fbb9cdf2cdc02b4b8",
    "https://esm.sh/which-boxed-primitive@1.1.1/denonext/which-boxed-primitive.mjs": "e98aad32d6663a8a1ad3f2f464c48c9dced7e5b5452ae0bfe461116082c101d1",
    "https://esm.sh/which-boxed-primitive@1.1.1?target=denonext": "b92aeb921a1e6b732df840b08a1491248e0b13f130987a6d2fdaa997e14200a3",
    "https://esm.sh/which-collection@1.0.2/denonext/which-collection.mjs": "33bedcac814cda342f62acd5443c4ad4990cba79b645ee2662012b5e2783db35",
    "https://esm.sh/which-collection@1.0.2?target=denonext": "b491ef91390fd422b61388afaa6069273184d76d3b1b6c97eb4c6b6820d1b960",
    "https://esm.sh/which-typed-array@1.1.19/denonext/which-typed-array.mjs": "2325d0679e008b512f2f39eb1b25b54c4a53e707285baea127ff02afa5cd415d",
    "https://esm.sh/which-typed-array@1.1.19?target=denonext": "96f61789c33d211fecfbcf9e23d5c0af6d2c1346fd3d5652a8745e92dd0e2853",
    "https://esm.sh/zustand@4.4.1": "15cfdb2add8076af28f8cb4adeb2e905b0901f9939c2251702362da46cb7c2fa",
    "https://esm.sh/zustand@4.4.1/denonext/middleware.mjs": "d2ddef16fd39c46bbdf625d256182ebb3e4b4b36d872c7173c7231d72cc6b0c9",
    "https://esm.sh/zustand@4.4.1/denonext/middleware/immer.mjs": "7ff099149ed7b997c18455dcc84f8de84749e8c8bb87ab3a0d6bc02204bca4b3",
    "https://esm.sh/zustand@4.4.1/denonext/vanilla.mjs": "17e757546045e2e0427a3104267525fee721d31d3e0c90f84b47ede361daf3da",
    "https://esm.sh/zustand@4.4.1/denonext/zustand.mjs": "334f54ea638556e63f86557021c6c95a4ae4c6facb909d4f295510f2c99a6099",
    "https://esm.sh/zustand@4.4.1/middleware": "df9468fea71f3f18ea0b4d9427a531b21f99b41bdf2cc38b409e5962a86c97ab",
    "https://esm.sh/zustand@4.4.1/middleware/immer": "75c446f1a5408aba92beb24cffdc88fa60ef066a377272f5d261536f97e86528"
  }
}
